
Microsoft Visual Studio Solution File, Format Version 12.00
# Visual Studio Version 17
VisualStudioVersion = 17.1.32319.34
MinimumVisualStudioVersion = 10.0.40219.1
Project("{9A19103F-16F7-4668-BE54-9A1E7A4F7556}") = "HillClimbing_ImageRecreation", "HillClimbing_ImageRecreation.csproj", "{4EBDC3D8-1DFD-420F-B739-4022772001DC}"
EndProject
Project("{9A19103F-16F7-4668-BE54-9A1E7A4F7556}") = "Logic", "..\Logic\Logic.csproj", "{5D19E5E0-B179-43FA-B9C6-FF48EA964C70}"
EndProject
Project("{2150E333-8FDC-42A3-9474-1A3956D46DE8}") = "Solution Items", "Solution Items", "{DF6DEE2A-8195-4A2E-8377-8583C632AC84}"
	ProjectSection(SolutionItems) = preProject
		.editorconfig = .editorconfig
	EndProjectSection
EndProject
Global
	GlobalSection(SolutionConfigurationPlatforms) = preSolution
		Debug|Any CPU = Debug|Any CPU
		Release|Any CPU = Release|Any CPU
	EndGlobalSection
	GlobalSection(ProjectConfigurationPlatforms) = postSolution
		{4EBDC3D8-1DFD-420F-B739-4022772001DC}.Debug|Any CPU.ActiveCfg = Debug|Any CPU
		{4EBDC3D8-1DFD-420F-B739-4022772001DC}.Debug|Any CPU.Build.0 = Debug|Any CPU
		{4EBDC3D8-1DFD-420F-B739-4022772001DC}.Release|Any CPU.ActiveCfg = Release|Any CPU
		{4EBDC3D8-1DFD-420F-B739-4022772001DC}.Release|Any CPU.Build.0 = Release|Any CPU
		{5D19E5E0-B179-43FA-B9C6-FF48EA964C70}.Debug|Any CPU.ActiveCfg = Debug|Any CPU
		{5D19E5E0-B179-43FA-B9C6-FF48EA964C70}.Debug|Any CPU.Build.0 = Debug|Any CPU
		{5D19E5E0-B179-43FA-B9C6-FF48EA964C70}.Release|Any CPU.ActiveCfg = Release|Any CPU
		{5D19E5E0-B179-43FA-B9C6-FF48EA964C70}.Release|Any CPU.Build.0 = Release|Any CPU
	EndGlobalSection
	GlobalSection(SolutionProperties) = preSolution
		HideSolutionNode = FALSE
	EndGlobalSection
	GlobalSection(ExtensibilityGlobals) = postSolution
		SolutionGuid = {483FFD08-B1C3-4340-A198-E46D7054EECB}
	EndGlobalSection
EndGlobal
